// !$*UTF8*$!
{
	archiveVersion = 1;
	classes = {
	};
	objectVersion = 52;
	objects = {

/* Begin PBXBuildFile section */
		51600BF12850911200E6DA4A /* BRLMPrinterKit.xcframework in Frameworks */ = {isa = PBXBuildFile; fileRef = 51600BF02850911200E6DA4A /* BRLMPrinterKit.xcframework */; };
		51600BF22850911200E6DA4A /* BRLMPrinterKit.xcframework in Embed Frameworks */ = {isa = PBXBuildFile; fileRef = 51600BF02850911200E6DA4A /* BRLMPrinterKit.xcframework */; settings = {ATTRIBUTES = (CodeSignOnCopy, RemoveHeadersOnCopy, ); }; };
		554BC4DB1FE0F0A1003B0C7A /* libc++.tbd in Frameworks */ = {isa = PBXBuildFile; fileRef = 554BC4DA1FE0F0A0003B0C7A /* libc++.tbd */; };
		554BC4DD1FE0F0AD003B0C7A /* libz.tbd in Frameworks */ = {isa = PBXBuildFile; fileRef = 554BC4DC1FE0F0AD003B0C7A /* libz.tbd */; };
		554BC4E01FE0F692003B0C7A /* 100×200.bmp in Resources */ = {isa = PBXBuildFile; fileRef = 554BC4DF1FE0F692003B0C7A /* 100×200.bmp */; };
		5564ABEE1FD517FA00BFFC64 /* BRMainViewController.storyboard in Resources */ = {isa = PBXBuildFile; fileRef = 5564ABED1FD517FA00BFFC64 /* BRMainViewController.storyboard */; };
		5564ABF01FD5186500BFFC64 /* BRMainViewController.swift in Sources */ = {isa = PBXBuildFile; fileRef = 5564ABEF1FD5186500BFFC64 /* BRMainViewController.swift */; };
		5564ABF21FD51A2F00BFFC64 /* LaunchScreen.storyboard in Resources */ = {isa = PBXBuildFile; fileRef = 5564ABF11FD51A2F00BFFC64 /* LaunchScreen.storyboard */; };
		5564ABF41FD55E5800BFFC64 /* BRSimplePrintViewController.storyboard in Resources */ = {isa = PBXBuildFile; fileRef = 5564ABF31FD55E5800BFFC64 /* BRSimplePrintViewController.storyboard */; };
		5564ABF61FD55F7E00BFFC64 /* BRSimplePrintViewController.swift in Sources */ = {isa = PBXBuildFile; fileRef = 5564ABF51FD55F7E00BFFC64 /* BRSimplePrintViewController.swift */; };
		5564ABF91FDE729400BFFC64 /* BRSelectDeviceTableViewController.swift in Sources */ = {isa = PBXBuildFile; fileRef = 5564ABF81FDE729400BFFC64 /* BRSelectDeviceTableViewController.swift */; };
		55BAA2E61FCFE2C200B57C21 /* AppDelegate.swift in Sources */ = {isa = PBXBuildFile; fileRef = 55BAA2E51FCFE2C200B57C21 /* AppDelegate.swift */; };
		55BAA2ED1FCFE2C200B57C21 /* Assets.xcassets in Resources */ = {isa = PBXBuildFile; fileRef = 55BAA2EC1FCFE2C200B57C21 /* Assets.xcassets */; };
		55BC43C61FCFF8A600566ACA /* ExternalAccessory.framework in Frameworks */ = {isa = PBXBuildFile; fileRef = 55BC43C51FCFF8A600566ACA /* ExternalAccessory.framework */; };
/* End PBXBuildFile section */

/* Begin PBXCopyFilesBuildPhase section */
		51600BF32850911200E6DA4A /* Embed Frameworks */ = {
			isa = PBXCopyFilesBuildPhase;
			buildActionMask = 2147483647;
			dstPath = "";
			dstSubfolderSpec = 10;
			files = (
				51600BF22850911200E6DA4A /* BRLMPrinterKit.xcframework in Embed Frameworks */,
			);
			name = "Embed Frameworks";
			runOnlyForDeploymentPostprocessing = 0;
		};
/* End PBXCopyFilesBuildPhase section */

/* Begin PBXFileReference section */
		51600BF02850911200E6DA4A /* BRLMPrinterKit.xcframework */ = {isa = PBXFileReference; lastKnownFileType = wrapper.xcframework; name = BRLMPrinterKit.xcframework; path = ../libs/BT_Net/BRLMPrinterKit.xcframework; sourceTree = "<group>"; };
		554BC4DA1FE0F0A0003B0C7A /* libc++.tbd */ = {isa = PBXFileReference; lastKnownFileType = "sourcecode.text-based-dylib-definition"; name = "libc++.tbd"; path = "usr/lib/libc++.tbd"; sourceTree = SDKROOT; };
		554BC4DC1FE0F0AD003B0C7A /* libz.tbd */ = {isa = PBXFileReference; lastKnownFileType = "sourcecode.text-based-dylib-definition"; name = libz.tbd; path = usr/lib/libz.tbd; sourceTree = SDKROOT; };
		554BC4DF1FE0F692003B0C7A /* 100×200.bmp */ = {isa = PBXFileReference; lastKnownFileType = image.bmp; path = "100×200.bmp"; sourceTree = "<group>"; };
		5564ABED1FD517FA00BFFC64 /* BRMainViewController.storyboard */ = {isa = PBXFileReference; fileEncoding = 4; lastKnownFileType = file.storyboard; path = BRMainViewController.storyboard; sourceTree = "<group>"; };
		5564ABEF1FD5186500BFFC64 /* BRMainViewController.swift */ = {isa = PBXFileReference; lastKnownFileType = sourcecode.swift; path = BRMainViewController.swift; sourceTree = "<group>"; };
		5564ABF11FD51A2F00BFFC64 /* LaunchScreen.storyboard */ = {isa = PBXFileReference; fileEncoding = 4; lastKnownFileType = file.storyboard; path = LaunchScreen.storyboard; sourceTree = "<group>"; };
		5564ABF31FD55E5800BFFC64 /* BRSimplePrintViewController.storyboard */ = {isa = PBXFileReference; lastKnownFileType = file.storyboard; path = BRSimplePrintViewController.storyboard; sourceTree = "<group>"; };
		5564ABF51FD55F7E00BFFC64 /* BRSimplePrintViewController.swift */ = {isa = PBXFileReference; lastKnownFileType = sourcecode.swift; path = BRSimplePrintViewController.swift; sourceTree = "<group>"; };
		5564ABF81FDE729400BFFC64 /* BRSelectDeviceTableViewController.swift */ = {isa = PBXFileReference; lastKnownFileType = sourcecode.swift; path = BRSelectDeviceTableViewController.swift; sourceTree = "<group>"; };
		55BAA2E21FCFE2C200B57C21 /* SDK_Sample_Swift.app */ = {isa = PBXFileReference; explicitFileType = wrapper.application; includeInIndex = 0; path = SDK_Sample_Swift.app; sourceTree = BUILT_PRODUCTS_DIR; };
		55BAA2E51FCFE2C200B57C21 /* AppDelegate.swift */ = {isa = PBXFileReference; lastKnownFileType = sourcecode.swift; path = AppDelegate.swift; sourceTree = "<group>"; };
		55BAA2EC1FCFE2C200B57C21 /* Assets.xcassets */ = {isa = PBXFileReference; lastKnownFileType = folder.assetcatalog; path = Assets.xcassets; sourceTree = "<group>"; };
		55BAA2F11FCFE2C200B57C21 /* Info.plist */ = {isa = PBXFileReference; lastKnownFileType = text.plist.xml; path = Info.plist; sourceTree = "<group>"; };
		55BC43C51FCFF8A600566ACA /* ExternalAccessory.framework */ = {isa = PBXFileReference; lastKnownFileType = wrapper.framework; name = ExternalAccessory.framework; path = System/Library/Frameworks/ExternalAccessory.framework; sourceTree = SDKROOT; };
		55BC43C71FCFF8A600566ACA /* SDK_Sample_Swift.entitlements */ = {isa = PBXFileReference; lastKnownFileType = text.plist.entitlements; path = SDK_Sample_Swift.entitlements; sourceTree = "<group>"; };
/* End PBXFileReference section */

/* Begin PBXFrameworksBuildPhase section */
		55BAA2DF1FCFE2C200B57C21 /* Frameworks */ = {
			isa = PBXFrameworksBuildPhase;
			buildActionMask = 2147483647;
			files = (
				554BC4DB1FE0F0A1003B0C7A /* libc++.tbd in Frameworks */,
				554BC4DD1FE0F0AD003B0C7A /* libz.tbd in Frameworks */,
				51600BF12850911200E6DA4A /* BRLMPrinterKit.xcframework in Frameworks */,
				55BC43C61FCFF8A600566ACA /* ExternalAccessory.framework in Frameworks */,
			);
			runOnlyForDeploymentPostprocessing = 0;
		};
/* End PBXFrameworksBuildPhase section */

/* Begin PBXGroup section */
		554BC4DE1FE0F62D003B0C7A /* sample image */ = {
			isa = PBXGroup;
			children = (
				554BC4DF1FE0F692003B0C7A /* 100×200.bmp */,
			);
			path = "sample image";
			sourceTree = "<group>";
		};
		55BAA2D91FCFE2C200B57C21 = {
			isa = PBXGroup;
			children = (
				55BAA2E41FCFE2C200B57C21 /* SDK_Sample_Swift */,
				55BC43C41FCFF8A600566ACA /* Frameworks */,
				55BAA2E31FCFE2C200B57C21 /* Products */,
			);
			sourceTree = "<group>";
		};
		55BAA2E31FCFE2C200B57C21 /* Products */ = {
			isa = PBXGroup;
			children = (
				55BAA2E21FCFE2C200B57C21 /* SDK_Sample_Swift.app */,
			);
			name = Products;
			sourceTree = "<group>";
		};
		55BAA2E41FCFE2C200B57C21 /* SDK_Sample_Swift */ = {
			isa = PBXGroup;
			children = (
				55BAA2F11FCFE2C200B57C21 /* Info.plist */,
				55BAA2E51FCFE2C200B57C21 /* AppDelegate.swift */,
				55BC43C21FCFF7BF00566ACA /* Classes */,
				55BC43C31FCFF7C900566ACA /* Resource */,
				55BAA2EC1FCFE2C200B57C21 /* Assets.xcassets */,
				55BC43C71FCFF8A600566ACA /* SDK_Sample_Swift.entitlements */,
			);
			path = SDK_Sample_Swift;
			sourceTree = "<group>";
		};
		55BC43C21FCFF7BF00566ACA /* Classes */ = {
			isa = PBXGroup;
			children = (
				5564ABEF1FD5186500BFFC64 /* BRMainViewController.swift */,
				5564ABF51FD55F7E00BFFC64 /* BRSimplePrintViewController.swift */,
				5564ABF81FDE729400BFFC64 /* BRSelectDeviceTableViewController.swift */,
			);
			path = Classes;
			sourceTree = "<group>";
		};
		55BC43C31FCFF7C900566ACA /* Resource */ = {
			isa = PBXGroup;
			children = (
				5564ABF11FD51A2F00BFFC64 /* LaunchScreen.storyboard */,
				5564ABED1FD517FA00BFFC64 /* BRMainViewController.storyboard */,
				5564ABF31FD55E5800BFFC64 /* BRSimplePrintViewController.storyboard */,
				554BC4DE1FE0F62D003B0C7A /* sample image */,
			);
			path = Resource;
			sourceTree = "<group>";
		};
		55BC43C41FCFF8A600566ACA /* Frameworks */ = {
			isa = PBXGroup;
			children = (
				51600BF02850911200E6DA4A /* BRLMPrinterKit.xcframework */,
				554BC4DC1FE0F0AD003B0C7A /* libz.tbd */,
				554BC4DA1FE0F0A0003B0C7A /* libc++.tbd */,
				55BC43C51FCFF8A600566ACA /* ExternalAccessory.framework */,
			);
			name = Frameworks;
			sourceTree = "<group>";
		};
/* End PBXGroup section */

/* Begin PBXNativeTarget section */
		55BAA2E11FCFE2C200B57C21 /* SDK_Sample_Swift */ = {
			isa = PBXNativeTarget;
			buildConfigurationList = 55BAA2FF1FCFE2C200B57C21 /* Build configuration list for PBXNativeTarget "SDK_Sample_Swift" */;
			buildPhases = (
				55BAA2DE1FCFE2C200B57C21 /* Sources */,
				55BAA2DF1FCFE2C200B57C21 /* Frameworks */,
				55BAA2E01FCFE2C200B57C21 /* Resources */,
				51600BF32850911200E6DA4A /* Embed Frameworks */,
			);
			buildRules = (
			);
			dependencies = (
			);
			name = SDK_Sample_Swift;
			productName = SDK_Sample_Swift;
			productReference = 55BAA2E21FCFE2C200B57C21 /* SDK_Sample_Swift.app */;
			productType = "com.apple.product-type.application";
		};
/* End PBXNativeTarget section */

/* Begin PBXProject section */
		55BAA2DA1FCFE2C200B57C21 /* Project object */ = {
			isa = PBXProject;
			attributes = {
				LastSwiftUpdateCheck = 0910;
				LastUpgradeCheck = 0910;
				ORGANIZATIONNAME = "";
				TargetAttributes = {
					55BAA2E11FCFE2C200B57C21 = {
						CreatedOnToolsVersion = 9.1;
						SystemCapabilities = {
							com.apple.WAC = {
								enabled = 1;
							};
						};
					};
				};
			};
			buildConfigurationList = 55BAA2DD1FCFE2C200B57C21 /* Build configuration list for PBXProject "SDK_Sample_Swift" */;
			compatibilityVersion = "Xcode 8.0";
			developmentRegion = en;
			hasScannedForEncodings = 0;
			knownRegions = (
				en,
				Base,
			);
			mainGroup = 55BAA2D91FCFE2C200B57C21;
			productRefGroup = 55BAA2E31FCFE2C200B57C21 /* Products */;
			projectDirPath = "";
			projectRoot = "";
			targets = (
				55BAA2E11FCFE2C200B57C21 /* SDK_Sample_Swift */,
			);
		};
/* End PBXProject section */

/* Begin PBXResourcesBuildPhase section */
		55BAA2E01FCFE2C200B57C21 /* Resources */ = {
			isa = PBXResourcesBuildPhase;
			buildActionMask = 2147483647;
			files = (
				5564ABF21FD51A2F00BFFC64 /* LaunchScreen.storyboard in Resources */,
				554BC4E01FE0F692003B0C7A /* 100×200.bmp in Resources */,
				5564ABF41FD55E5800BFFC64 /* BRSimplePrintViewController.storyboard in Resources */,
				5564ABEE1FD517FA00BFFC64 /* BRMainViewController.storyboard in Resources */,
				55BAA2ED1FCFE2C200B57C21 /* Assets.xcassets in Resources */,
			);
			runOnlyForDeploymentPostprocessing = 0;
		};
/* End PBXResourcesBuildPhase section */

/* Begin PBXSourcesBuildPhase section */
		55BAA2DE1FCFE2C200B57C21 /* Sources */ = {
			isa = PBXSourcesBuildPhase;
			buildActionMask = 2147483647;
			files = (
				55BAA2E61FCFE2C200B57C21 /* AppDelegate.swift in Sources */,
				5564ABF91FDE729400BFFC64 /* BRSelectDeviceTableViewController.swift in Sources */,
				5564ABF61FD55F7E00BFFC64 /* BRSimplePrintViewController.swift in Sources */,
				5564ABF01FD5186500BFFC64 /* BRMainViewController.swift in Sources */,
			);
			runOnlyForDeploymentPostprocessing = 0;
		};
/* End PBXSourcesBuildPhase section */

/* Begin XCBuildConfiguration section */
		55BAA2FD1FCFE2C200B57C21 /* Debug */ = {
			isa = XCBuildConfiguration;
			buildSettings = {
				ALWAYS_SEARCH_USER_PATHS = NO;
				CLANG_ANALYZER_NONNULL = YES;
				CLANG_ANALYZER_NUMBER_OBJECT_CONVERSION = YES_AGGRESSIVE;
				CLANG_CXX_LANGUAGE_STANDARD = "gnu++14";
				CLANG_CXX_LIBRARY = "libc++";
				CLANG_ENABLE_MODULES = YES;
				CLANG_ENABLE_OBJC_ARC = YES;
				CLANG_WARN_BLOCK_CAPTURE_AUTORELEASING = YES;
				CLANG_WARN_BOOL_CONVERSION = YES;
				CLANG_WARN_COMMA = YES;
				CLANG_WARN_CONSTANT_CONVERSION = YES;
				CLANG_WARN_DIRECT_OBJC_ISA_USAGE = YES_ERROR;
				CLANG_WARN_DOCUMENTATION_COMMENTS = YES;
				CLANG_WARN_EMPTY_BODY = YES;
				CLANG_WARN_ENUM_CONVERSION = YES;
				CLANG_WARN_INFINITE_RECURSION = YES;
				CLANG_WARN_INT_CONVERSION = YES;
				CLANG_WARN_NON_LITERAL_NULL_CONVERSION = YES;
				CLANG_WARN_OBJC_LITERAL_CONVERSION = YES;
				CLANG_WARN_OBJC_ROOT_CLASS = YES_ERROR;
				CLANG_WARN_RANGE_LOOP_ANALYSIS = YES;
				CLANG_WARN_STRICT_PROTOTYPES = YES;
				CLANG_WARN_SUSPICIOUS_MOVE = YES;
				CLANG_WARN_UNGUARDED_AVAILABILITY = YES_AGGRESSIVE;
				CLANG_WARN_UNREACHABLE_CODE = YES;
				CLANG_WARN__DUPLICATE_METHOD_MATCH = YES;
				CODE_SIGN_IDENTITY = "iPhone Developer";
				COPY_PHASE_STRIP = NO;
				DEBUG_INFORMATION_FORMAT = dwarf;
				ENABLE_STRICT_OBJC_MSGSEND = YES;
				ENABLE_TESTABILITY = NO;
				GCC_C_LANGUAGE_STANDARD = gnu11;
				GCC_DYNAMIC_NO_PIC = NO;
				GCC_NO_COMMON_BLOCKS = YES;
				GCC_OPTIMIZATION_LEVEL = 0;
				GCC_PREPROCESSOR_DEFINITIONS = (
					"DEBUG=1",
					"$(inherited)",
				);
				GCC_WARN_64_TO_32_BIT_CONVERSION = YES;
				GCC_WARN_ABOUT_RETURN_TYPE = YES_ERROR;
				GCC_WARN_UNDECLARED_SELECTOR = YES;
				GCC_WARN_UNINITIALIZED_AUTOS = YES_AGGRESSIVE;
				GCC_WARN_UNUSED_FUNCTION = YES;
				GCC_WARN_UNUSED_VARIABLE = YES;
				IPHONEOS_DEPLOYMENT_TARGET = 11.1;
				MTL_ENABLE_DEBUG_INFO = YES;
				ONLY_ACTIVE_ARCH = YES;
				SDKROOT = iphoneos;
				SWIFT_ACTIVE_COMPILATION_CONDITIONS = DEBUG;
				SWIFT_OPTIMIZATION_LEVEL = "-Onone";
			};
			name = Debug;
		};
		55BAA2FE1FCFE2C200B57C21 /* Release */ = {
			isa = XCBuildConfiguration;
			buildSettings = {
				ALWAYS_SEARCH_USER_PATHS = NO;
				CLANG_ANALYZER_NONNULL = YES;
				CLANG_ANALYZER_NUMBER_OBJECT_CONVERSION = YES_AGGRESSIVE;
				CLANG_CXX_LANGUAGE_STANDARD = "gnu++14";
				CLANG_CXX_LIBRARY = "libc++";
				CLANG_ENABLE_MODULES = YES;
				CLANG_ENABLE_OBJC_ARC = YES;
				CLANG_WARN_BLOCK_CAPTURE_AUTORELEASING = YES;
				CLANG_WARN_BOOL_CONVERSION = YES;
				CLANG_WARN_COMMA = YES;
				CLANG_WARN_CONSTANT_CONVERSION = YES;
				CLANG_WARN_DIRECT_OBJC_ISA_USAGE = YES_ERROR;
				CLANG_WARN_DOCUMENTATION_COMMENTS = YES;
				CLANG_WARN_EMPTY_BODY = YES;
				CLANG_WARN_ENUM_CONVERSION = YES;
				CLANG_WARN_INFINITE_RECURSION = YES;
				CLANG_WARN_INT_CONVERSION = YES;
				CLANG_WARN_NON_LITERAL_NULL_CONVERSION = YES;
				CLANG_WARN_OBJC_LITERAL_CONVERSION = YES;
				CLANG_WARN_OBJC_ROOT_CLASS = YES_ERROR;
				CLANG_WARN_RANGE_LOOP_ANALYSIS = YES;
				CLANG_WARN_STRICT_PROTOTYPES = YES;
				CLANG_WARN_SUSPICIOUS_MOVE = YES;
				CLANG_WARN_UNGUARDED_AVAILABILITY = YES_AGGRESSIVE;
				CLANG_WARN_UNREACHABLE_CODE = YES;
				CLANG_WARN__DUPLICATE_METHOD_MATCH = YES;
				CODE_SIGN_IDENTITY = "iPhone Developer";
				COPY_PHASE_STRIP = NO;
				DEBUG_INFORMATION_FORMAT = "dwarf-with-dsym";
				ENABLE_NS_ASSERTIONS = NO;
				ENABLE_STRICT_OBJC_MSGSEND = YES;
				GCC_C_LANGUAGE_STANDARD = gnu11;
				GCC_NO_COMMON_BLOCKS = YES;
				GCC_WARN_64_TO_32_BIT_CONVERSION = YES;
				GCC_WARN_ABOUT_RETURN_TYPE = YES_ERROR;
				GCC_WARN_UNDECLARED_SELECTOR = YES;
				GCC_WARN_UNINITIALIZED_AUTOS = YES_AGGRESSIVE;
				GCC_WARN_UNUSED_FUNCTION = YES;
				GCC_WARN_UNUSED_VARIABLE = YES;
				IPHONEOS_DEPLOYMENT_TARGET = 11.1;
				MTL_ENABLE_DEBUG_INFO = NO;
				SDKROOT = iphoneos;
				SWIFT_COMPILATION_MODE = wholemodule;
				SWIFT_OPTIMIZATION_LEVEL = "-O";
				VALIDATE_PRODUCT = YES;
			};
			name = Release;
		};
		55BAA3001FCFE2C200B57C21 /* Debug */ = {
			isa = XCBuildConfiguration;
			buildSettings = {
				ASSETCATALOG_COMPILER_APPICON_NAME = AppIcon;
				CODE_SIGN_ENTITLEMENTS = SDK_Sample_Swift/SDK_Sample_Swift.entitlements;
				CODE_SIGN_IDENTITY = "Apple Development";
				"CODE_SIGN_IDENTITY[sdk=iphoneos*]" = "iPhone Developer";
				CODE_SIGN_STYLE = Manual;
				DEVELOPMENT_TEAM = "";
				FRAMEWORK_SEARCH_PATHS = (
					"$(inherited)",
					"$(PROJECT_DIR)/libs",
				);
				INFOPLIST_FILE = SDK_Sample_Swift/Info.plist;
				IPHONEOS_DEPLOYMENT_TARGET = 11.0;
				LD_RUNPATH_SEARCH_PATHS = (
					"$(inherited)",
					"@executable_path/Frameworks",
				);
				PRODUCT_BUNDLE_IDENTIFIER = "";
				PRODUCT_NAME = "$(TARGET_NAME)";
				PROVISIONING_PROFILE = "";
				PROVISIONING_PROFILE_SPECIFIER = "";
				SWIFT_VERSION = 4.0;
				TARGETED_DEVICE_FAMILY = "1,2";
			};
			name = Debug;
		};
		55BAA3011FCFE2C200B57C21 /* Release */ = {
			isa = XCBuildConfiguration;
			buildSettings = {
				ASSETCATALOG_COMPILER_APPICON_NAME = AppIcon;
				CODE_SIGN_ENTITLEMENTS = SDK_Sample_Swift/SDK_Sample_Swift.entitlements;
				"CODE_SIGN_IDENTITY[sdk=iphoneos*]" = "iPhone Developer";
				CODE_SIGN_STYLE = Manual;
				DEVELOPMENT_TEAM = "";
				FRAMEWORK_SEARCH_PATHS = (
					"$(inherited)",
					"$(PROJECT_DIR)/libs",
				);
				INFOPLIST_FILE = SDK_Sample_Swift/Info.plist;
				IPHONEOS_DEPLOYMENT_TARGET = 11.0;
				LD_RUNPATH_SEARCH_PATHS = (
					"$(inherited)",
					"@executable_path/Frameworks",
				);
				PRODUCT_BUNDLE_IDENTIFIER = "";
				PRODUCT_NAME = "$(TARGET_NAME)";
				PROVISIONING_PROFILE_SPECIFIER = "";
				SWIFT_VERSION = 4.0;
				TARGETED_DEVICE_FAMILY = "1,2";
			};
			name = Release;
		};
/* End XCBuildConfiguration section */

/* Begin XCConfigurationList section */
		55BAA2DD1FCFE2C200B57C21 /* Build configuration list for PBXProject "SDK_Sample_Swift" */ = {
			isa = XCConfigurationList;
			buildConfigurations = (
				55BAA2FD1FCFE2C200B57C21 /* Debug */,
				55BAA2FE1FCFE2C200B57C21 /* Release */,
			);
			defaultConfigurationIsVisible = 0;
			defaultConfigurationName = Release;
		};
		55BAA2FF1FCFE2C200B57C21 /* Build configuration list for PBXNativeTarget "SDK_Sample_Swift" */ = {
			isa = XCConfigurationList;
			buildConfigurations = (
				55BAA3001FCFE2C200B57C21 /* Debug */,
				55BAA3011FCFE2C200B57C21 /* Release */,
			);
			defaultConfigurationIsVisible = 0;
			defaultConfigurationName = Release;
		};
/* End XCConfigurationList section */
	};
	rootObject = 55BAA2DA1FCFE2C200B57C21 /* Project object */;
}
